
Microsoft Visual Studio Solution File, Format Version 12.00
# Visual Studio Version 16
VisualStudioVersion = 16.0.31624.102
MinimumVisualStudioVersion = 10.0.40219.1
Project("{9A19103F-16F7-4668-BE54-9A1E7A4F7556}") = "BatchRenameUI", "BatchRenameUI.csproj", "{8CEA04C6-00FA-482D-A6BC-C0CCB94DABA0}"
EndProject
Project("{FAE04EC0-301F-11D3-BF4B-00C04F79EFBC}") = "IContract", "..\IContract\IContract.csproj", "{564261CB-D911-4236-876A-C01B4EA3DE3D}"
EndProject
Project("{FAE04EC0-301F-11D3-BF4B-00C04F79EFBC}") = "JsonDao", "..\JsonDao\JsonDao.csproj", "{664D1DBD-0278-4427-81AF-F69859D8A570}"
EndProject
Project("{FAE04EC0-301F-11D3-BF4B-00C04F79EFBC}") = "JsonLogic", "..\JsonLogic\JsonLogic.csproj", "{DFA73C53-441E-41C7-B7E1-1951E9456D2C}"
EndProject
Project("{FAE04EC0-301F-11D3-BF4B-00C04F79EFBC}") = "ReplaceRule", "..\ReplaceRule\ReplaceRule.csproj", "{CA658BB6-1A8F-4AB4-B9B7-2B9D4A084E12}"
EndProject
Project("{FAE04EC0-301F-11D3-BF4B-00C04F79EFBC}") = "ChangeExtensionRule", "..\ChangeExtensionRule\ChangeExtensionRule.csproj", "{586EB36A-BE25-416D-AA98-ACDBE19C70B4}"
EndProject
Project("{FAE04EC0-301F-11D3-BF4B-00C04F79EFBC}") = "AddCounterRule", "..\AddCounterRule\AddCounterRule.csproj", "{FE1ACDD7-1A4F-498E-96BA-C932B845D8A6}"
EndProject
Project("{2150E333-8FDC-42A3-9474-1A3956D46DE8}") = "RenameRuleDLL", "RenameRuleDLL", "{DE26EF41-449C-4543-91BC-91DDFB834D17}"
EndProject
Project("{FAE04EC0-301F-11D3-BF4B-00C04F79EFBC}") = "NoSpaceRule", "..\NoSpaceRule\NoSpaceRule.csproj", "{D9C09E98-9B45-444F-9105-34A4BFA2E080}"
EndProject
Project("{FAE04EC0-301F-11D3-BF4B-00C04F79EFBC}") = "AddPrefixRule", "..\AddPrefixRule\AddPrefixRule.csproj", "{5D8B4805-6AFC-486A-A5B6-13367FC8A7A3}"
EndProject
Project("{FAE04EC0-301F-11D3-BF4B-00C04F79EFBC}") = "AddSuffixRule", "..\AddSuffixRule\AddSuffixRule.csproj", "{72D56532-03C5-4218-AF23-E574BD03875E}"
EndProject
Project("{FAE04EC0-301F-11D3-BF4B-00C04F79EFBC}") = "ToLowerCaseAndRemoveSpaceRule", "..\ToLowerCaseAndRemoveSpaceRule\ToLowerCaseAndRemoveSpaceRule.csproj", "{61638E55-F631-4C95-A096-AB511402F52A}"
EndProject
Project("{FAE04EC0-301F-11D3-BF4B-00C04F79EFBC}") = "ToPascalCaseRule", "..\ToPascalCaseRule\ToPascalCaseRule.csproj", "{0ECF43F0-FB38-417B-8E22-912F20DFEB37}"
EndProject
Project("{FAE04EC0-301F-11D3-BF4B-00C04F79EFBC}") = "NamingConventionExtendedRule", "..\NamingConventionExtendedRule\NamingConventionExtendedRule.csproj", "{3E892104-6D34-4A09-B0D4-34B2CFBFA54B}"
EndProject
Global
	GlobalSection(SolutionConfigurationPlatforms) = preSolution
		Debug|Any CPU = Debug|Any CPU
		Release|Any CPU = Release|Any CPU
	EndGlobalSection
	GlobalSection(ProjectConfigurationPlatforms) = postSolution
		{8CEA04C6-00FA-482D-A6BC-C0CCB94DABA0}.Debug|Any CPU.ActiveCfg = Debug|Any CPU
		{8CEA04C6-00FA-482D-A6BC-C0CCB94DABA0}.Debug|Any CPU.Build.0 = Debug|Any CPU
		{8CEA04C6-00FA-482D-A6BC-C0CCB94DABA0}.Release|Any CPU.ActiveCfg = Release|Any CPU
		{8CEA04C6-00FA-482D-A6BC-C0CCB94DABA0}.Release|Any CPU.Build.0 = Release|Any CPU
		{564261CB-D911-4236-876A-C01B4EA3DE3D}.Debug|Any CPU.ActiveCfg = Debug|Any CPU
		{564261CB-D911-4236-876A-C01B4EA3DE3D}.Debug|Any CPU.Build.0 = Debug|Any CPU
		{564261CB-D911-4236-876A-C01B4EA3DE3D}.Release|Any CPU.ActiveCfg = Release|Any CPU
		{564261CB-D911-4236-876A-C01B4EA3DE3D}.Release|Any CPU.Build.0 = Release|Any CPU
		{664D1DBD-0278-4427-81AF-F69859D8A570}.Debug|Any CPU.ActiveCfg = Debug|Any CPU
		{664D1DBD-0278-4427-81AF-F69859D8A570}.Debug|Any CPU.Build.0 = Debug|Any CPU
		{664D1DBD-0278-4427-81AF-F69859D8A570}.Release|Any CPU.ActiveCfg = Release|Any CPU
		{664D1DBD-0278-4427-81AF-F69859D8A570}.Release|Any CPU.Build.0 = Release|Any CPU
		{DFA73C53-441E-41C7-B7E1-1951E9456D2C}.Debug|Any CPU.ActiveCfg = Debug|Any CPU
		{DFA73C53-441E-41C7-B7E1-1951E9456D2C}.Debug|Any CPU.Build.0 = Debug|Any CPU
		{DFA73C53-441E-41C7-B7E1-1951E9456D2C}.Release|Any CPU.ActiveCfg = Release|Any CPU
		{DFA73C53-441E-41C7-B7E1-1951E9456D2C}.Release|Any CPU.Build.0 = Release|Any CPU
		{CA658BB6-1A8F-4AB4-B9B7-2B9D4A084E12}.Debug|Any CPU.ActiveCfg = Debug|Any CPU
		{CA658BB6-1A8F-4AB4-B9B7-2B9D4A084E12}.Debug|Any CPU.Build.0 = Debug|Any CPU
		{CA658BB6-1A8F-4AB4-B9B7-2B9D4A084E12}.Release|Any CPU.ActiveCfg = Release|Any CPU
		{CA658BB6-1A8F-4AB4-B9B7-2B9D4A084E12}.Release|Any CPU.Build.0 = Release|Any CPU
		{586EB36A-BE25-416D-AA98-ACDBE19C70B4}.Debug|Any CPU.ActiveCfg = Debug|Any CPU
		{586EB36A-BE25-416D-AA98-ACDBE19C70B4}.Debug|Any CPU.Build.0 = Debug|Any CPU
		{586EB36A-BE25-416D-AA98-ACDBE19C70B4}.Release|Any CPU.ActiveCfg = Release|Any CPU
		{586EB36A-BE25-416D-AA98-ACDBE19C70B4}.Release|Any CPU.Build.0 = Release|Any CPU
		{FE1ACDD7-1A4F-498E-96BA-C932B845D8A6}.Debug|Any CPU.ActiveCfg = Debug|Any CPU
		{FE1ACDD7-1A4F-498E-96BA-C932B845D8A6}.Debug|Any CPU.Build.0 = Debug|Any CPU
		{FE1ACDD7-1A4F-498E-96BA-C932B845D8A6}.Release|Any CPU.ActiveCfg = Release|Any CPU
		{FE1ACDD7-1A4F-498E-96BA-C932B845D8A6}.Release|Any CPU.Build.0 = Release|Any CPU
		{D9C09E98-9B45-444F-9105-34A4BFA2E080}.Debug|Any CPU.ActiveCfg = Debug|Any CPU
		{D9C09E98-9B45-444F-9105-34A4BFA2E080}.Debug|Any CPU.Build.0 = Debug|Any CPU
		{D9C09E98-9B45-444F-9105-34A4BFA2E080}.Release|Any CPU.ActiveCfg = Release|Any CPU
		{D9C09E98-9B45-444F-9105-34A4BFA2E080}.Release|Any CPU.Build.0 = Release|Any CPU
		{5D8B4805-6AFC-486A-A5B6-13367FC8A7A3}.Debug|Any CPU.ActiveCfg = Debug|Any CPU
		{5D8B4805-6AFC-486A-A5B6-13367FC8A7A3}.Debug|Any CPU.Build.0 = Debug|Any CPU
		{5D8B4805-6AFC-486A-A5B6-13367FC8A7A3}.Release|Any CPU.ActiveCfg = Release|Any CPU
		{5D8B4805-6AFC-486A-A5B6-13367FC8A7A3}.Release|Any CPU.Build.0 = Release|Any CPU
		{72D56532-03C5-4218-AF23-E574BD03875E}.Debug|Any CPU.ActiveCfg = Debug|Any CPU
		{72D56532-03C5-4218-AF23-E574BD03875E}.Debug|Any CPU.Build.0 = Debug|Any CPU
		{72D56532-03C5-4218-AF23-E574BD03875E}.Release|Any CPU.ActiveCfg = Release|Any CPU
		{72D56532-03C5-4218-AF23-E574BD03875E}.Release|Any CPU.Build.0 = Release|Any CPU
		{61638E55-F631-4C95-A096-AB511402F52A}.Debug|Any CPU.ActiveCfg = Debug|Any CPU
		{61638E55-F631-4C95-A096-AB511402F52A}.Debug|Any CPU.Build.0 = Debug|Any CPU
		{61638E55-F631-4C95-A096-AB511402F52A}.Release|Any CPU.ActiveCfg = Release|Any CPU
		{61638E55-F631-4C95-A096-AB511402F52A}.Release|Any CPU.Build.0 = Release|Any CPU
		{0ECF43F0-FB38-417B-8E22-912F20DFEB37}.Debug|Any CPU.ActiveCfg = Debug|Any CPU
		{0ECF43F0-FB38-417B-8E22-912F20DFEB37}.Debug|Any CPU.Build.0 = Debug|Any CPU
		{0ECF43F0-FB38-417B-8E22-912F20DFEB37}.Release|Any CPU.ActiveCfg = Release|Any CPU
		{0ECF43F0-FB38-417B-8E22-912F20DFEB37}.Release|Any CPU.Build.0 = Release|Any CPU
		{3E892104-6D34-4A09-B0D4-34B2CFBFA54B}.Debug|Any CPU.ActiveCfg = Debug|Any CPU
		{3E892104-6D34-4A09-B0D4-34B2CFBFA54B}.Debug|Any CPU.Build.0 = Debug|Any CPU
		{3E892104-6D34-4A09-B0D4-34B2CFBFA54B}.Release|Any CPU.ActiveCfg = Release|Any CPU
		{3E892104-6D34-4A09-B0D4-34B2CFBFA54B}.Release|Any CPU.Build.0 = Release|Any CPU
	EndGlobalSection
	GlobalSection(SolutionProperties) = preSolution
		HideSolutionNode = FALSE
	EndGlobalSection
	GlobalSection(NestedProjects) = preSolution
		{CA658BB6-1A8F-4AB4-B9B7-2B9D4A084E12} = {DE26EF41-449C-4543-91BC-91DDFB834D17}
		{586EB36A-BE25-416D-AA98-ACDBE19C70B4} = {DE26EF41-449C-4543-91BC-91DDFB834D17}
		{FE1ACDD7-1A4F-498E-96BA-C932B845D8A6} = {DE26EF41-449C-4543-91BC-91DDFB834D17}
		{D9C09E98-9B45-444F-9105-34A4BFA2E080} = {DE26EF41-449C-4543-91BC-91DDFB834D17}
		{5D8B4805-6AFC-486A-A5B6-13367FC8A7A3} = {DE26EF41-449C-4543-91BC-91DDFB834D17}
		{72D56532-03C5-4218-AF23-E574BD03875E} = {DE26EF41-449C-4543-91BC-91DDFB834D17}
		{61638E55-F631-4C95-A096-AB511402F52A} = {DE26EF41-449C-4543-91BC-91DDFB834D17}
		{0ECF43F0-FB38-417B-8E22-912F20DFEB37} = {DE26EF41-449C-4543-91BC-91DDFB834D17}
		{3E892104-6D34-4A09-B0D4-34B2CFBFA54B} = {DE26EF41-449C-4543-91BC-91DDFB834D17}
	EndGlobalSection
	GlobalSection(ExtensibilityGlobals) = postSolution
		SolutionGuid = {A295AB7B-5462-4471-B649-005C3690FA8D}
	EndGlobalSection
EndGlobal
